<?xml version="1.0" encoding="utf-8"?>
<Project ToolsVersion="4.0" xmlns="http://schemas.microsoft.com/developer/msbuild/2003">
  <ItemGroup>
    <Filter Include="소스 파일">
      <UniqueIdentifier>{4FC737F1-C7A5-4376-A066-2A32D752A2FF}</UniqueIdentifier>
      <Extensions>cpp;c;cc;cxx;def;odl;idl;hpj;bat;asm;asmx</Extensions>
    </Filter>
    <Filter Include="헤더 파일">
      <UniqueIdentifier>{93995380-89BD-4b04-88EB-625FBE52EBFB}</UniqueIdentifier>
      <Extensions>h;hh;hpp;hxx;hm;inl;inc;xsd</Extensions>
    </Filter>
    <Filter Include="리소스 파일">
      <UniqueIdentifier>{67DA6AB6-F800-4c08-8B7A-83BB121AAD01}</UniqueIdentifier>
      <Extensions>rc;ico;cur;bmp;dlg;rc2;rct;bin;rgs;gif;jpg;jpeg;jpe;resx;tiff;tif;png;wav;mfcribbon-ms</Extensions>
    </Filter>
  </ItemGroup>
  <ItemGroup>
    <Text Include="ReadMe.txt" />
  </ItemGroup>
  <ItemGroup>
    <ClInclude Include="VitalUtils.h">
      <Filter>헤더 파일</Filter>
    </ClInclude>
    <ClInclude Include="VitalUtilsDlg.h">
      <Filter>헤더 파일</Filter>
    </ClInclude>
    <ClInclude Include="stdafx.h">
      <Filter>헤더 파일</Filter>
    </ClInclude>
    <ClInclude Include="targetver.h">
      <Filter>헤더 파일</Filter>
    </ClInclude>
    <ClInclude Include="Resource.h">
      <Filter>헤더 파일</Filter>
    </ClInclude>
    <ClInclude Include="EditEx.h">
      <Filter>헤더 파일</Filter>
    </ClInclude>
    <ClInclude Include="OptRecsDlg.h">
      <Filter>헤더 파일</Filter>
    </ClInclude>
    <ClInclude Include="QUEUE.h">
      <Filter>헤더 파일</Filter>
    </ClInclude>
    <ClInclude Include="OptDelTrksDlg.h">
      <Filter>헤더 파일</Filter>
    </ClInclude>
    <ClInclude Include="OptRenameDlg.h">
      <Filter>헤더 파일</Filter>
    </ClInclude>
    <ClInclude Include="Canvas.h">
      <Filter>헤더 파일</Filter>
    </ClInclude>
    <ClInclude Include="OptCopyFilesDlg.h">
      <Filter>헤더 파일</Filter>
    </ClInclude>
    <ClInclude Include="OptRunScript.h">
      <Filter>헤더 파일</Filter>
    </ClInclude>
    <ClInclude Include="DlgDownload.h">
      <Filter>헤더 파일</Filter>
    </ClInclude>
    <ClInclude Include="Https.h">
      <Filter>헤더 파일</Filter>
    </ClInclude>
  </ItemGroup>
  <ItemGroup>
    <ClCompile Include="VitalUtils.cpp">
      <Filter>소스 파일</Filter>
    </ClCompile>
    <ClCompile Include="VitalUtilsDlg.cpp">
      <Filter>소스 파일</Filter>
    </ClCompile>
    <ClCompile Include="stdafx.cpp">
      <Filter>소스 파일</Filter>
    </ClCompile>
    <ClCompile Include="EditEx.cpp">
      <Filter>소스 파일</Filter>
    </ClCompile>
    <ClCompile Include="OptRecsDlg.cpp">
      <Filter>소스 파일</Filter>
    </ClCompile>
    <ClCompile Include="OptDelTrksDlg.cpp">
      <Filter>소스 파일</Filter>
    </ClCompile>
    <ClCompile Include="OptRenameDlg.cpp">
      <Filter>소스 파일</Filter>
    </ClCompile>
    <ClCompile Include="canvas.cpp">
      <Filter>소스 파일</Filter>
    </ClCompile>
    <ClCompile Include="OptCopyFilesDlg.cpp">
      <Filter>소스 파일</Filter>
    </ClCompile>
    <ClCompile Include="OptRunScript.cpp">
      <Filter>소스 파일</Filter>
    </ClCompile>
    <ClCompile Include="DlgDownload.cpp">
      <Filter>소스 파일</Filter>
    </ClCompile>
    <ClCompile Include="Https.cpp">
      <Filter>소스 파일</Filter>
    </ClCompile>
  </ItemGroup>
  <ItemGroup>
    <ResourceCompile Include="VitalUtils.rc">
      <Filter>리소스 파일</Filter>
    </ResourceCompile>
  </ItemGroup>
  <ItemGroup>
    <None Include="res\VitalUtils.rc2">
      <Filter>리소스 파일</Filter>
    </None>
  </ItemGroup>
  <ItemGroup>
    <Image Include="res\VitalUtils.ico">
      <Filter>리소스 파일</Filter>
    </Image>
    <Image Include="res\icon.ico">
      <Filter>리소스 파일</Filter>
    </Image>
    <Image Include="res\folder.ico">
      <Filter>리소스 파일</Filter>
    </Image>
    <Image Include="res\csv.ico">
      <Filter>리소스 파일</Filter>
    </Image>
    <Image Include="res\icon1.ico">
      <Filter>리소스 파일</Filter>
    </Image>
    <Image Include="res\del.ico">
      <Filter>리소스 파일</Filter>
    </Image>
    <Image Include="res\del1.ico">
      <Filter>리소스 파일</Filter>
    </Image>
    <Image Include="res\save1.ico">
      <Filter>리소스 파일</Filter>
    </Image>
    <Image Include="res\trk1.ico">
      <Filter>리소스 파일</Filter>
    </Image>
    <Image Include="res\dev1.ico">
      <Filter>리소스 파일</Filter>
    </Image>
    <Image Include="res\ico00001.ico">
      <Filter>리소스 파일</Filter>
    </Image>
    <Image Include="res\run1.ico">
      <Filter>리소스 파일</Filter>
    </Image>
    <Image Include="res\clear1.ico">
      <Filter>리소스 파일</Filter>
    </Image>
    <Image Include="res\checkboxes.bmp">
      <Filter>리소스 파일</Filter>
    </Image>
    <Image Include="res\copy1.ico">
      <Filter>리소스 파일</Filter>
    </Image>
  </ItemGroup>
</Project>